
Microsoft Visual Studio Solution File, Format Version 12.00
# Visual Studio 15
VisualStudioVersion = 15.0.27004.2005
MinimumVisualStudioVersion = 10.0.40219.1
Project("{FAE04EC0-301F-11D3-BF4B-00C04F79EFBC}") = "GroupProject", "GroupProject\GroupProject.csproj", "{B631A71D-C905-4A72-A922-1991F39E856C}"
EndProject
Global
	GlobalSection(SolutionConfigurationPlatforms) = preSolution
		Debug|Any CPU = Debug|Any CPU
		Release|Any CPU = Release|Any CPU
	EndGlobalSection
	GlobalSection(ProjectConfigurationPlatforms) = postSolution
		{B631A71D-C905-4A72-A922-1991F39E856C}.Debug|Any CPU.ActiveCfg = Debug|Any CPU
		{B631A71D-C905-4A72-A922-1991F39E856C}.Debug|Any CPU.Build.0 = Debug|Any CPU
		{B631A71D-C905-4A72-A922-1991F39E856C}.Release|Any CPU.ActiveCfg = Release|Any CPU
		{B631A71D-C905-4A72-A922-1991F39E856C}.Release|Any CPU.Build.0 = Release|Any CPU
	EndGlobalSection
	GlobalSection(SolutionProperties) = preSolution
		HideSolutionNode = FALSE
	EndGlobalSection
	GlobalSection(ExtensibilityGlobals) = postSolution
		SolutionGuid = {903FA2EC-0356-4C92-BFB8-1169837A4B82}
	EndGlobalSection
EndGlobal
